PODS:
  - Bolts (1.2.0):
    - Bolts/AppLinks (= 1.2.0)
    - Bolts/Tasks (= 1.2.0)
  - Bolts/AppLinks (1.2.0):
    - Bolts/Tasks
  - Bolts/Tasks (1.2.0)
  - FMDB (2.3):
    - FMDB/standard (= 2.3)
  - FMDB/common (2.3)
  - FMDB/standard (2.3):
    - FMDB/common
  - GoogleMaps (1.10.1)
  - GRMustache (7.3.0):
    - JRSwizzle (~> 1.0)
  - JRSwizzle (1.0)
  - Mapbox-iOS-SDK (1.6.0):
    - FMDB (= 2.3)
    - GRMustache (= 7.3.0)
    - SMCalloutView (= 2.0)
  - Realm (0.93.2):
    - Realm/Headers (= 0.93.2)
  - Realm/Headers (0.93.2)
  - SMCalloutView (2.0)

DEPENDENCIES:
  - Bolts
  - GoogleMaps
  - Mapbox-iOS-SDK (= 1.6.0)
  - Realm

SPEC CHECKSUMS:
  Bolts: d176cb1e0012175589e389a9db49b85e27787576
  FMDB: 773d79bb74226959b7e2286b1d6e0bd857c88915
  GoogleMaps: ebf08677f181d9c2dcdbd1721d206f02beccc9b1
  GRMustache: 6baee020c5644416c034f5afb1607f6219e7f753
  JRSwizzle: dd5ead5d913a0f29e7f558200165849f006bb1e3
  Mapbox-iOS-SDK: ee136ca5b7f853456b50dfd7a7f0e243288cf86f
  Realm: 2fdd0ae74f730e190384e0338d8a0d3654df8220
  SMCalloutView: f758edd824b18bf4f42de00df1e299861a2d1950

COCOAPODS: 0.37.2
